Microsoft Visual Studio Solution File, Format Version 12.00
# Visual Studio Version 17
VisualStudioVersion = 17.5.2.0
MinimumVisualStudioVersion = 10.0.40219.1
Project("{FAE04EC0-301F-11D3-BF4B-00C04F79EFBC}") = "65_kun", "65_kun.csproj", "{21805787-FEA0-874C-2FB5-78FF82EFEB12}"
EndProject
Global
	GlobalSection(SolutionConfigurationPlatforms) = preSolution
		Debug|Any CPU = Debug|Any CPU
		Release|Any CPU = Release|Any CPU
	EndGlobalSection
	GlobalSection(ProjectConfigurationPlatforms) = postSolution
		{21805787-FEA0-874C-2FB5-78FF82EFEB12}.Debug|Any CPU.ActiveCfg = Debug|Any CPU
		{21805787-FEA0-874C-2FB5-78FF82EFEB12}.Debug|Any CPU.Build.0 = Debug|Any CPU
		{21805787-FEA0-874C-2FB5-78FF82EFEB12}.Release|Any CPU.ActiveCfg = Release|Any CPU
		{21805787-FEA0-874C-2FB5-78FF82EFEB12}.Release|Any CPU.Build.0 = Release|Any CPU
	EndGlobalSection
	GlobalSection(SolutionProperties) = preSolution
		HideSolutionNode = FALSE
	EndGlobalSection
	GlobalSection(ExtensibilityGlobals) = postSolution
		SolutionGuid = {7788CE74-18C4-4AFA-B6A3-94F71F6ABC44}
	EndGlobalSection
EndGlobal
