Microsoft Visual Studio Solution File, Format Version 12.00
# Visual Studio Version 17
VisualStudioVersion = 17.5.2.0
MinimumVisualStudioVersion = 10.0.40219.1
Project("{FAE04EC0-301F-11D3-BF4B-00C04F79EFBC}") = "50_kun", "50_kun.csproj", "{531D3C01-6C51-6F2E-477F-B4C4A8E67988}"
EndProject
Global
	GlobalSection(SolutionConfigurationPlatforms) = preSolution
		Debug|Any CPU = Debug|Any CPU
		Release|Any CPU = Release|Any CPU
	EndGlobalSection
	GlobalSection(ProjectConfigurationPlatforms) = postSolution
		{531D3C01-6C51-6F2E-477F-B4C4A8E67988}.Debug|Any CPU.ActiveCfg = Debug|Any CPU
		{531D3C01-6C51-6F2E-477F-B4C4A8E67988}.Debug|Any CPU.Build.0 = Debug|Any CPU
		{531D3C01-6C51-6F2E-477F-B4C4A8E67988}.Release|Any CPU.ActiveCfg = Release|Any CPU
		{531D3C01-6C51-6F2E-477F-B4C4A8E67988}.Release|Any CPU.Build.0 = Release|Any CPU
	EndGlobalSection
	GlobalSection(SolutionProperties) = preSolution
		HideSolutionNode = FALSE
	EndGlobalSection
	GlobalSection(ExtensibilityGlobals) = postSolution
		SolutionGuid = {409E8ABD-64CB-4BDC-8E1D-C734233AE7CD}
	EndGlobalSection
EndGlobal
