Microsoft Visual Studio Solution File, Format Version 12.00
# Visual Studio Version 17
VisualStudioVersion = 17.5.2.0
MinimumVisualStudioVersion = 10.0.40219.1
Project("{FAE04EC0-301F-11D3-BF4B-00C04F79EFBC}") = "78_kun", "78_kun.csproj", "{9E1C59A6-B773-480C-096B-6C88764B04F4}"
EndProject
Global
	GlobalSection(SolutionConfigurationPlatforms) = preSolution
		Debug|Any CPU = Debug|Any CPU
		Release|Any CPU = Release|Any CPU
	EndGlobalSection
	GlobalSection(ProjectConfigurationPlatforms) = postSolution
		{9E1C59A6-B773-480C-096B-6C88764B04F4}.Debug|Any CPU.ActiveCfg = Debug|Any CPU
		{9E1C59A6-B773-480C-096B-6C88764B04F4}.Debug|Any CPU.Build.0 = Debug|Any CPU
		{9E1C59A6-B773-480C-096B-6C88764B04F4}.Release|Any CPU.ActiveCfg = Release|Any CPU
		{9E1C59A6-B773-480C-096B-6C88764B04F4}.Release|Any CPU.Build.0 = Release|Any CPU
	EndGlobalSection
	GlobalSection(SolutionProperties) = preSolution
		HideSolutionNode = FALSE
	EndGlobalSection
	GlobalSection(ExtensibilityGlobals) = postSolution
		SolutionGuid = {431D976E-B810-422F-8DB5-6B76F2E013A7}
	EndGlobalSection
EndGlobal
