Microsoft Visual Studio Solution File, Format Version 12.00
# Visual Studio Version 17
VisualStudioVersion = 17.5.2.0
MinimumVisualStudioVersion = 10.0.40219.1
Project("{FAE04EC0-301F-11D3-BF4B-00C04F79EFBC}") = "59_kun", "59_kun.csproj", "{F02E73CD-761A-F70A-7103-DF1DE6472D95}"
EndProject
Global
	GlobalSection(SolutionConfigurationPlatforms) = preSolution
		Debug|Any CPU = Debug|Any CPU
		Release|Any CPU = Release|Any CPU
	EndGlobalSection
	GlobalSection(ProjectConfigurationPlatforms) = postSolution
		{F02E73CD-761A-F70A-7103-DF1DE6472D95}.Debug|Any CPU.ActiveCfg = Debug|Any CPU
		{F02E73CD-761A-F70A-7103-DF1DE6472D95}.Debug|Any CPU.Build.0 = Debug|Any CPU
		{F02E73CD-761A-F70A-7103-DF1DE6472D95}.Release|Any CPU.ActiveCfg = Release|Any CPU
		{F02E73CD-761A-F70A-7103-DF1DE6472D95}.Release|Any CPU.Build.0 = Release|Any CPU
	EndGlobalSection
	GlobalSection(SolutionProperties) = preSolution
		HideSolutionNode = FALSE
	EndGlobalSection
	GlobalSection(ExtensibilityGlobals) = postSolution
		SolutionGuid = {6390D505-992F-4292-8FAC-73AF82E4DA50}
	EndGlobalSection
EndGlobal
