Microsoft Visual Studio Solution File, Format Version 12.00
# Visual Studio Version 17
VisualStudioVersion = 17.5.2.0
MinimumVisualStudioVersion = 10.0.40219.1
Project("{FAE04EC0-301F-11D3-BF4B-00C04F79EFBC}") = "63_kun", "63_kun.csproj", "{1DAEC2CF-D6B6-530B-4A25-067F0802787B}"
EndProject
Global
	GlobalSection(SolutionConfigurationPlatforms) = preSolution
		Debug|Any CPU = Debug|Any CPU
		Release|Any CPU = Release|Any CPU
	EndGlobalSection
	GlobalSection(ProjectConfigurationPlatforms) = postSolution
		{1DAEC2CF-D6B6-530B-4A25-067F0802787B}.Debug|Any CPU.ActiveCfg = Debug|Any CPU
		{1DAEC2CF-D6B6-530B-4A25-067F0802787B}.Debug|Any CPU.Build.0 = Debug|Any CPU
		{1DAEC2CF-D6B6-530B-4A25-067F0802787B}.Release|Any CPU.ActiveCfg = Release|Any CPU
		{1DAEC2CF-D6B6-530B-4A25-067F0802787B}.Release|Any CPU.Build.0 = Release|Any CPU
	EndGlobalSection
	GlobalSection(SolutionProperties) = preSolution
		HideSolutionNode = FALSE
	EndGlobalSection
	GlobalSection(ExtensibilityGlobals) = postSolution
		SolutionGuid = {43E94AD6-F85E-4447-9CF1-77D95B62E893}
	EndGlobalSection
EndGlobal
