Microsoft Visual Studio Solution File, Format Version 12.00
# Visual Studio Version 17
VisualStudioVersion = 17.5.2.0
MinimumVisualStudioVersion = 10.0.40219.1
Project("{FAE04EC0-301F-11D3-BF4B-00C04F79EFBC}") = "55_kun", "55_kun.csproj", "{635C90F2-9EF3-7086-9533-9F04A5CA091F}"
EndProject
Global
	GlobalSection(SolutionConfigurationPlatforms) = preSolution
		Debug|Any CPU = Debug|Any CPU
		Release|Any CPU = Release|Any CPU
	EndGlobalSection
	GlobalSection(ProjectConfigurationPlatforms) = postSolution
		{635C90F2-9EF3-7086-9533-9F04A5CA091F}.Debug|Any CPU.ActiveCfg = Debug|Any CPU
		{635C90F2-9EF3-7086-9533-9F04A5CA091F}.Debug|Any CPU.Build.0 = Debug|Any CPU
		{635C90F2-9EF3-7086-9533-9F04A5CA091F}.Release|Any CPU.ActiveCfg = Release|Any CPU
		{635C90F2-9EF3-7086-9533-9F04A5CA091F}.Release|Any CPU.Build.0 = Release|Any CPU
	EndGlobalSection
	GlobalSection(SolutionProperties) = preSolution
		HideSolutionNode = FALSE
	EndGlobalSection
	GlobalSection(ExtensibilityGlobals) = postSolution
		SolutionGuid = {7E6DCFF0-EAD7-4D16-A07C-F86C24059949}
	EndGlobalSection
EndGlobal
