Microsoft Visual Studio Solution File, Format Version 12.00
# Visual Studio Version 17
VisualStudioVersion = 17.5.2.0
MinimumVisualStudioVersion = 10.0.40219.1
Project("{FAE04EC0-301F-11D3-BF4B-00C04F79EFBC}") = "89_kun", "89_kun.csproj", "{D8305ED9-F5E5-2275-CA44-719880660030}"
EndProject
Global
	GlobalSection(SolutionConfigurationPlatforms) = preSolution
		Debug|Any CPU = Debug|Any CPU
		Release|Any CPU = Release|Any CPU
	EndGlobalSection
	GlobalSection(ProjectConfigurationPlatforms) = postSolution
		{D8305ED9-F5E5-2275-CA44-719880660030}.Debug|Any CPU.ActiveCfg = Debug|Any CPU
		{D8305ED9-F5E5-2275-CA44-719880660030}.Debug|Any CPU.Build.0 = Debug|Any CPU
		{D8305ED9-F5E5-2275-CA44-719880660030}.Release|Any CPU.ActiveCfg = Release|Any CPU
		{D8305ED9-F5E5-2275-CA44-719880660030}.Release|Any CPU.Build.0 = Release|Any CPU
	EndGlobalSection
	GlobalSection(SolutionProperties) = preSolution
		HideSolutionNode = FALSE
	EndGlobalSection
	GlobalSection(ExtensibilityGlobals) = postSolution
		SolutionGuid = {091A85DB-5D34-41A7-9F32-2F545F301888}
	EndGlobalSection
EndGlobal
